
Microsoft Visual Studio Solution File, Format Version 12.00
# Visual Studio Version 16
VisualStudioVersion = 16.0.32802.440
MinimumVisualStudioVersion = 10.0.40219.1
Project("{FAE04EC0-301F-11D3-BF4B-00C04F79EFBC}") = "StudentManagementSystem", "StudentManagementSystem.csproj", "{81E732E5-B24A-4E74-B946-E577432F693F}"
EndProject
Global
	GlobalSection(SolutionConfigurationPlatforms) = preSolution
		Debug|Any CPU = Debug|Any CPU
		Release|Any CPU = Release|Any CPU
	EndGlobalSection
	GlobalSection(ProjectConfigurationPlatforms) = postSolution
		{81E732E5-B24A-4E74-B946-E577432F693F}.Debug|Any CPU.ActiveCfg = Debug|Any CPU
		{81E732E5-B24A-4E74-B946-E577432F693F}.Debug|Any CPU.Build.0 = Debug|Any CPU
		{81E732E5-B24A-4E74-B946-E577432F693F}.Release|Any CPU.ActiveCfg = Release|Any CPU
		{81E732E5-B24A-4E74-B946-E577432F693F}.Release|Any CPU.Build.0 = Release|Any CPU
	EndGlobalSection
	GlobalSection(SolutionProperties) = preSolution
		HideSolutionNode = FALSE
	EndGlobalSection
	GlobalSection(ExtensibilityGlobals) = postSolution
		SolutionGuid = {066F4187-0A62-43B8-9143-1F076D3971B1}
	EndGlobalSection
EndGlobal
